PODS:
  - MRFFmpegPod (3.4.7):
    - MRFFmpegPod/libavcodec (= 3.4.7)
    - MRFFmpegPod/libavformat (= 3.4.7)
    - MRFFmpegPod/libavutil (= 3.4.7)
    - MRFFmpegPod/libswresample (= 3.4.7)
    - MRFFmpegPod/libswscale (= 3.4.7)
  - MRFFmpegPod/libavcodec (3.4.7)
  - MRFFmpegPod/libavformat (3.4.7)
  - MRFFmpegPod/libavutil (3.4.7)
  - MRFFmpegPod/libswresample (3.4.7)
  - MRFFmpegPod/libswscale (3.4.7)

DEPENDENCIES:
  - MRFFmpegPod (from `../`)

EXTERNAL SOURCES:
  MRFFmpegPod:
    :path: "../"

SPEC CHECKSUMS:
  MRFFmpegPod: 02be39b414c2e1119e9f71541aee56ddb8f1afa5

PODFILE CHECKSUM: 88114a06338c4fe67a946d2e412272608247939b

COCOAPODS: 1.9.1
