PODS:
  - FBSnapshotTestCase (2.1.4):
    - FBSnapshotTestCase/SwiftSupport (= 2.1.4)
  - FBSnapshotTestCase/Core (2.1.4)
  - FBSnapshotTestCase/SwiftSupport (2.1.4):
    - FBSnapshotTestCase/Core
  - MRX264Pod (0.1.0)

DEPENDENCIES:
  - FBSnapshotTestCase
  - MRX264Pod (from `../`)

SPEC REPOS:
  trunk:
    - FBSnapshotTestCase

EXTERNAL SOURCES:
  MRX264Pod:
    :path: "../"

SPEC CHECKSUMS:
  FBSnapshotTestCase: 094f9f314decbabe373b87cc339bea235a63e07a
  MRX264Pod: 0ccfef1731d898372251f2f0a2a6141d8fe4ec0d

PODFILE CHECKSUM: 125b2e604663e930e48312f140542b6adff8d6ec

COCOAPODS: 1.8.4
